
Microsoft Visual Studio Solution File, Format Version 12.00
# Visual Studio Version 17
VisualStudioVersion = 17.8.34330.188
MinimumVisualStudioVersion = 10.0.40219.1
Project("{FAE04EC0-301F-11D3-BF4B-00C04F79EFBC}") = "thovpp.FAP.StudentMgt", "thovpp.FAP.StudentMgt\thovpp.FAP.StudentMgt.csproj", "{7B562019-DBEA-40C9-999A-CFAE5A78F750}"
EndProject
Global
	GlobalSection(SolutionConfigurationPlatforms) = preSolution
		Debug|Any CPU = Debug|Any CPU
		Release|Any CPU = Release|Any CPU
	EndGlobalSection
	GlobalSection(ProjectConfigurationPlatforms) = postSolution
		{7B562019-DBEA-40C9-999A-CFAE5A78F750}.Debug|Any CPU.ActiveCfg = Debug|Any CPU
		{7B562019-DBEA-40C9-999A-CFAE5A78F750}.Debug|Any CPU.Build.0 = Debug|Any CPU
		{7B562019-DBEA-40C9-999A-CFAE5A78F750}.Release|Any CPU.ActiveCfg = Release|Any CPU
		{7B562019-DBEA-40C9-999A-CFAE5A78F750}.Release|Any CPU.Build.0 = Release|Any CPU
	EndGlobalSection
	GlobalSection(SolutionProperties) = preSolution
		HideSolutionNode = FALSE
	EndGlobalSection
	GlobalSection(ExtensibilityGlobals) = postSolution
		SolutionGuid = {1C1C4BC6-896E-4A55-9567-851FED8F30E0}
	EndGlobalSection
EndGlobal
